{
  "name": "marktree",
  "version": "0.0.15",
  "lockfileVersion": 2,
  "requires": true,
  "packages": {
    "": {
      "name": "marktree",
      "version": "0.0.15",
      "license": "ISC",
      "dependencies": {
        "@iktakahiro/markdown-it-katex": "^4.0.1",
        "esm": "^3.2.25",
        "find-config": "^1.0.0",
        "markdown-it": "^12.3.2",
        "markdown-it-highlightjs": "^3.6.0",
        "virtual-file-system": "^1.0.8"
      },
      "bin": {
        "marktree": "bin/marktree.js"
      }
    },
    "node_modules/@iktakahiro/markdown-it-katex": {
      "version": "4.0.1",
      "resolved": "https://registry.npmjs.org/@iktakahiro/markdown-it-katex/-/markdown-it-katex-4.0.1.tgz",
      "integrity": "sha512-kGFooO7fIOgY34PSG8ZNVsUlKhhNoqhzW2kq94TNGa8COzh73PO4KsEoPOsQVG1mEAe8tg7GqG0FoVao0aMHaw==",
      "dependencies": {
        "katex": "^0.12.0"
      }
    },
    "node_modules/argparse": {
      "version": "2.0.1",
      "resolved": "https://registry.npmjs.org/argparse/-/argparse-2.0.1.tgz",
      "integrity": "sha512-8+9WqebbFzpX9OR+Wa6O29asIogeRMzcGtAINdpMHHyAg10f05aSFVBbcEqGf/PXw1EjAZ+q2/bEBg3DvurK3Q=="
    },
    "node_modules/commander": {
      "version": "2.20.3",
      "resolved": "https://registry.npmjs.org/commander/-/commander-2.20.3.tgz",
      "integrity": "sha512-GpVkmM8vF2vQUkj2LvZmD35JxeJOLCwJ9cUkugyk2nuhbv3+mJvpLYYt+0+USMxE+oj+ey/lJEnhZw75x/OMcQ=="
    },
    "node_modules/entities": {
      "version": "2.1.0",
      "resolved": "https://registry.npmjs.org/entities/-/entities-2.1.0.tgz",
      "integrity": "sha512-hCx1oky9PFrJ611mf0ifBLBRW8lUUVRlFolb5gWRfIELabBlbp9xZvrqZLZAs+NxFnbfQoeGd8wDkygjg7U85w==",
      "funding": {
        "url": "https://github.com/fb55/entities?sponsor=1"
      }
    },
    "node_modules/esm": {
      "version": "3.2.25",
      "resolved": "https://registry.npmjs.org/esm/-/esm-3.2.25.tgz",
      "integrity": "sha512-U1suiZ2oDVWv4zPO56S0NcR5QriEahGtdN2OR6FiOG4WJvcjBVFB0qI4+eKoWFH483PKGuLuu6V8Z4T5g63UVA==",
      "engines": {
        "node": ">=6"
      }
    },
    "node_modules/find-config": {
      "version": "1.0.0",
      "resolved": "https://registry.npmjs.org/find-config/-/find-config-1.0.0.tgz",
      "integrity": "sha1-6vorm8B/qckOmgw++c7PHMgA9TA=",
      "dependencies": {
        "user-home": "^2.0.0"
      },
      "engines": {
        "node": ">= 0.12"
      }
    },
    "node_modules/highlight.js": {
      "version": "11.4.0",
      "resolved": "https://registry.npmjs.org/highlight.js/-/highlight.js-11.4.0.tgz",
      "integrity": "sha512-nawlpCBCSASs7EdvZOYOYVkJpGmAOKMYZgZtUqSRqodZE0GRVcFKwo1RcpeOemqh9hyttTdd5wDBwHkuSyUfnA==",
      "engines": {
        "node": ">=12.0.0"
      }
    },
    "node_modules/katex": {
      "version": "0.12.0",
      "resolved": "https://registry.npmjs.org/katex/-/katex-0.12.0.tgz",
      "integrity": "sha512-y+8btoc/CK70XqcHqjxiGWBOeIL8upbS0peTPXTvgrh21n1RiWWcIpSWM+4uXq+IAgNh9YYQWdc7LVDPDAEEAg==",
      "dependencies": {
        "commander": "^2.19.0"
      },
      "bin": {
        "katex": "cli.js"
      }
    },
    "node_modules/linkify-it": {
      "version": "3.0.3",
      "resolved": "https://registry.npmjs.org/linkify-it/-/linkify-it-3.0.3.tgz",
      "integrity": "sha512-ynTsyrFSdE5oZ/O9GEf00kPngmOfVwazR5GKDq6EYfhlpFug3J2zybX56a2PRRpc9P+FuSoGNAwjlbDs9jJBPQ==",
      "dependencies": {
        "uc.micro": "^1.0.1"
      }
    },
    "node_modules/lodash.flow": {
      "version": "3.5.0",
      "resolved": "https://registry.npmjs.org/lodash.flow/-/lodash.flow-3.5.0.tgz",
      "integrity": "sha1-h79AKSuM+D5OjOGjrkIJ4gBxZ1o="
    },
    "node_modules/markdown-it": {
      "version": "12.3.2",
      "resolved": "https://registry.npmjs.org/markdown-it/-/markdown-it-12.3.2.tgz",
      "integrity": "sha512-TchMembfxfNVpHkbtriWltGWc+m3xszaRD0CZup7GFFhzIgQqxIfn3eGj1yZpfuflzPvfkt611B2Q/Bsk1YnGg==",
      "dependencies": {
        "argparse": "^2.0.1",
        "entities": "~2.1.0",
        "linkify-it": "^3.0.1",
        "mdurl": "^1.0.1",
        "uc.micro": "^1.0.5"
      },
      "bin": {
        "markdown-it": "bin/markdown-it.js"
      }
    },
    "node_modules/markdown-it-highlightjs": {
      "version": "3.6.0",
      "resolved": "https://registry.npmjs.org/markdown-it-highlightjs/-/markdown-it-highlightjs-3.6.0.tgz",
      "integrity": "sha512-ex+Lq3cVkprh0GpGwFyc53A/rqY6GGzopPCG1xMsf8Ya3XtGC8Uw9tChN1rWbpyDae7tBBhVHVcMM29h4Btamw==",
      "dependencies": {
        "highlight.js": "^11.3.1",
        "lodash.flow": "^3.5.0"
      }
    },
    "node_modules/mdurl": {
      "version": "1.0.1",
      "resolved": "https://registry.npmjs.org/mdurl/-/mdurl-1.0.1.tgz",
      "integrity": "sha1-/oWy7HWlkDfyrf7BAP1sYBdhFS4="
    },
    "node_modules/os-homedir": {
      "version": "1.0.2",
      "resolved": "https://registry.npmjs.org/os-homedir/-/os-homedir-1.0.2.tgz",
      "integrity": "sha1-/7xJiDNuDoM94MFox+8VISGqf7M=",
      "engines": {
        "node": ">=0.10.0"
      }
    },
    "node_modules/uc.micro": {
      "version": "1.0.6",
      "resolved": "https://registry.npmjs.org/uc.micro/-/uc.micro-1.0.6.tgz",
      "integrity": "sha512-8Y75pvTYkLJW2hWQHXxoqRgV7qb9B+9vFEtidML+7koHUFapnVJAZ6cKs+Qjz5Aw3aZWHMC6u0wJE3At+nSGwA=="
    },
    "node_modules/user-home": {
      "version": "2.0.0",
      "resolved": "https://registry.npmjs.org/user-home/-/user-home-2.0.0.tgz",
      "integrity": "sha1-nHC/2Babwdy/SGBODwS4tJzenp8=",
      "dependencies": {
        "os-homedir": "^1.0.0"
      },
      "engines": {
        "node": ">=0.10.0"
      }
    },
    "node_modules/virtual-file-system": {
      "version": "1.0.8",
      "resolved": "https://registry.npmjs.org/virtual-file-system/-/virtual-file-system-1.0.8.tgz",
      "integrity": "sha512-3XTw85KIYHO0HLhz56JxEFMkzjjhfWpGJS73wIlv269u13Vr23mv21cKtMMbSmxpj/fETpN8WlyodmgaQC7xIQ=="
    }
  },
  "dependencies": {
    "@iktakahiro/markdown-it-katex": {
      "version": "4.0.1",
      "resolved": "https://registry.npmjs.org/@iktakahiro/markdown-it-katex/-/markdown-it-katex-4.0.1.tgz",
      "integrity": "sha512-kGFooO7fIOgY34PSG8ZNVsUlKhhNoqhzW2kq94TNGa8COzh73PO4KsEoPOsQVG1mEAe8tg7GqG0FoVao0aMHaw==",
      "requires": {
        "katex": "^0.12.0"
      }
    },
    "argparse": {
      "version": "2.0.1",
      "resolved": "https://registry.npmjs.org/argparse/-/argparse-2.0.1.tgz",
      "integrity": "sha512-8+9WqebbFzpX9OR+Wa6O29asIogeRMzcGtAINdpMHHyAg10f05aSFVBbcEqGf/PXw1EjAZ+q2/bEBg3DvurK3Q=="
    },
    "commander": {
      "version": "2.20.3",
      "resolved": "https://registry.npmjs.org/commander/-/commander-2.20.3.tgz",
      "integrity": "sha512-GpVkmM8vF2vQUkj2LvZmD35JxeJOLCwJ9cUkugyk2nuhbv3+mJvpLYYt+0+USMxE+oj+ey/lJEnhZw75x/OMcQ=="
    },
    "entities": {
      "version": "2.1.0",
      "resolved": "https://registry.npmjs.org/entities/-/entities-2.1.0.tgz",
      "integrity": "sha512-hCx1oky9PFrJ611mf0ifBLBRW8lUUVRlFolb5gWRfIELabBlbp9xZvrqZLZAs+NxFnbfQoeGd8wDkygjg7U85w=="
    },
    "esm": {
      "version": "3.2.25",
      "resolved": "https://registry.npmjs.org/esm/-/esm-3.2.25.tgz",
      "integrity": "sha512-U1suiZ2oDVWv4zPO56S0NcR5QriEahGtdN2OR6FiOG4WJvcjBVFB0qI4+eKoWFH483PKGuLuu6V8Z4T5g63UVA=="
    },
    "find-config": {
      "version": "1.0.0",
      "resolved": "https://registry.npmjs.org/find-config/-/find-config-1.0.0.tgz",
      "integrity": "sha1-6vorm8B/qckOmgw++c7PHMgA9TA=",
      "requires": {
        "user-home": "^2.0.0"
      }
    },
    "highlight.js": {
      "version": "11.4.0",
      "resolved": "https://registry.npmjs.org/highlight.js/-/highlight.js-11.4.0.tgz",
      "integrity": "sha512-nawlpCBCSASs7EdvZOYOYVkJpGmAOKMYZgZtUqSRqodZE0GRVcFKwo1RcpeOemqh9hyttTdd5wDBwHkuSyUfnA=="
    },
    "katex": {
      "version": "0.12.0",
      "resolved": "https://registry.npmjs.org/katex/-/katex-0.12.0.tgz",
      "integrity": "sha512-y+8btoc/CK70XqcHqjxiGWBOeIL8upbS0peTPXTvgrh21n1RiWWcIpSWM+4uXq+IAgNh9YYQWdc7LVDPDAEEAg==",
      "requires": {
        "commander": "^2.19.0"
      }
    },
    "linkify-it": {
      "version": "3.0.3",
      "resolved": "https://registry.npmjs.org/linkify-it/-/linkify-it-3.0.3.tgz",
      "integrity": "sha512-ynTsyrFSdE5oZ/O9GEf00kPngmOfVwazR5GKDq6EYfhlpFug3J2zybX56a2PRRpc9P+FuSoGNAwjlbDs9jJBPQ==",
      "requires": {
        "uc.micro": "^1.0.1"
      }
    },
    "lodash.flow": {
      "version": "3.5.0",
      "resolved": "https://registry.npmjs.org/lodash.flow/-/lodash.flow-3.5.0.tgz",
      "integrity": "sha1-h79AKSuM+D5OjOGjrkIJ4gBxZ1o="
    },
    "markdown-it": {
      "version": "12.3.2",
      "resolved": "https://registry.npmjs.org/markdown-it/-/markdown-it-12.3.2.tgz",
      "integrity": "sha512-TchMembfxfNVpHkbtriWltGWc+m3xszaRD0CZup7GFFhzIgQqxIfn3eGj1yZpfuflzPvfkt611B2Q/Bsk1YnGg==",
      "requires": {
        "argparse": "^2.0.1",
        "entities": "~2.1.0",
        "linkify-it": "^3.0.1",
        "mdurl": "^1.0.1",
        "uc.micro": "^1.0.5"
      }
    },
    "markdown-it-highlightjs": {
      "version": "3.6.0",
      "resolved": "https://registry.npmjs.org/markdown-it-highlightjs/-/markdown-it-highlightjs-3.6.0.tgz",
      "integrity": "sha512-ex+Lq3cVkprh0GpGwFyc53A/rqY6GGzopPCG1xMsf8Ya3XtGC8Uw9tChN1rWbpyDae7tBBhVHVcMM29h4Btamw==",
      "requires": {
        "highlight.js": "^11.3.1",
        "lodash.flow": "^3.5.0"
      }
    },
    "mdurl": {
      "version": "1.0.1",
      "resolved": "https://registry.npmjs.org/mdurl/-/mdurl-1.0.1.tgz",
      "integrity": "sha1-/oWy7HWlkDfyrf7BAP1sYBdhFS4="
    },
    "os-homedir": {
      "version": "1.0.2",
      "resolved": "https://registry.npmjs.org/os-homedir/-/os-homedir-1.0.2.tgz",
      "integrity": "sha1-/7xJiDNuDoM94MFox+8VISGqf7M="
    },
    "uc.micro": {
      "version": "1.0.6",
      "resolved": "https://registry.npmjs.org/uc.micro/-/uc.micro-1.0.6.tgz",
      "integrity": "sha512-8Y75pvTYkLJW2hWQHXxoqRgV7qb9B+9vFEtidML+7koHUFapnVJAZ6cKs+Qjz5Aw3aZWHMC6u0wJE3At+nSGwA=="
    },
    "user-home": {
      "version": "2.0.0",
      "resolved": "https://registry.npmjs.org/user-home/-/user-home-2.0.0.tgz",
      "integrity": "sha1-nHC/2Babwdy/SGBODwS4tJzenp8=",
      "requires": {
        "os-homedir": "^1.0.0"
      }
    },
    "virtual-file-system": {
      "version": "1.0.8",
      "resolved": "https://registry.npmjs.org/virtual-file-system/-/virtual-file-system-1.0.8.tgz",
      "integrity": "sha512-3XTw85KIYHO0HLhz56JxEFMkzjjhfWpGJS73wIlv269u13Vr23mv21cKtMMbSmxpj/fETpN8WlyodmgaQC7xIQ=="
    }
  }
}
